
Microsoft Visual Studio Solution File, Format Version 12.00
# Visual Studio Version 16
VisualStudioVersion = 16.0.29609.76
MinimumVisualStudioVersion = 10.0.40219.1
Project("{FAE04EC0-301F-11D3-BF4B-00C04F79EFBC}") = "github", "github.csproj", "{82EEE448-F71A-46AE-BA5A-71F588DD1508}"
EndProject
Global
	GlobalSection(SolutionConfigurationPlatforms) = preSolution
		Debug|Any CPU = Debug|Any CPU
		Release|Any CPU = Release|Any CPU
	EndGlobalSection
	GlobalSection(ProjectConfigurationPlatforms) = postSolution
		{82EEE448-F71A-46AE-BA5A-71F588DD1508}.Debug|Any CPU.ActiveCfg = Debug|Any CPU
		{82EEE448-F71A-46AE-BA5A-71F588DD1508}.Debug|Any CPU.Build.0 = Debug|Any CPU
		{82EEE448-F71A-46AE-BA5A-71F588DD1508}.Release|Any CPU.ActiveCfg = Release|Any CPU
		{82EEE448-F71A-46AE-BA5A-71F588DD1508}.Release|Any CPU.Build.0 = Release|Any CPU
	EndGlobalSection
	GlobalSection(SolutionProperties) = preSolution
		HideSolutionNode = FALSE
	EndGlobalSection
	GlobalSection(ExtensibilityGlobals) = postSolution
		SolutionGuid = {59C3C4C9-4F23-4412-983C-6173B08A0DBF}
	EndGlobalSection
EndGlobal
